
Microsoft Visual Studio Solution File, Format Version 12.00
# Visual Studio Version 17
VisualStudioVersion = 17.2.32616.157
MinimumVisualStudioVersion = 10.0.40219.1
Project("{FAE04EC0-301F-11D3-BF4B-00C04F79EFBC}") = "imageResizer", "imageResizer\imageResizer.csproj", "{41408A28-A163-4A49-984B-64F15D433F39}"
EndProject
Project("{930C7802-8A8C-48F9-8165-68863BCCD9DD}") = "imageResizerInstaller", "imageResizerInstaller\imageResizerInstaller.wixproj", "{5D822FE1-5A27-4446-BC23-10A7BE125EE6}"
EndProject
Global
	GlobalSection(SolutionConfigurationPlatforms) = preSolution
		Debug|Any CPU = Debug|Any CPU
		Debug|x86 = Debug|x86
		Release|Any CPU = Release|Any CPU
		Release|x86 = Release|x86
	EndGlobalSection
	GlobalSection(ProjectConfigurationPlatforms) = postSolution
		{41408A28-A163-4A49-984B-64F15D433F39}.Debug|Any CPU.ActiveCfg = Debug|Any CPU
		{41408A28-A163-4A49-984B-64F15D433F39}.Debug|Any CPU.Build.0 = Debug|Any CPU
		{41408A28-A163-4A49-984B-64F15D433F39}.Debug|x86.ActiveCfg = Debug|Any CPU
		{41408A28-A163-4A49-984B-64F15D433F39}.Debug|x86.Build.0 = Debug|Any CPU
		{41408A28-A163-4A49-984B-64F15D433F39}.Release|Any CPU.ActiveCfg = Release|Any CPU
		{41408A28-A163-4A49-984B-64F15D433F39}.Release|Any CPU.Build.0 = Release|Any CPU
		{41408A28-A163-4A49-984B-64F15D433F39}.Release|x86.ActiveCfg = Release|Any CPU
		{41408A28-A163-4A49-984B-64F15D433F39}.Release|x86.Build.0 = Release|Any CPU
		{5D822FE1-5A27-4446-BC23-10A7BE125EE6}.Debug|Any CPU.ActiveCfg = Debug|x86
		{5D822FE1-5A27-4446-BC23-10A7BE125EE6}.Debug|Any CPU.Build.0 = Debug|x86
		{5D822FE1-5A27-4446-BC23-10A7BE125EE6}.Debug|x86.ActiveCfg = Debug|x86
		{5D822FE1-5A27-4446-BC23-10A7BE125EE6}.Debug|x86.Build.0 = Debug|x86
		{5D822FE1-5A27-4446-BC23-10A7BE125EE6}.Release|Any CPU.ActiveCfg = Release|x86
		{5D822FE1-5A27-4446-BC23-10A7BE125EE6}.Release|Any CPU.Build.0 = Release|x86
		{5D822FE1-5A27-4446-BC23-10A7BE125EE6}.Release|x86.ActiveCfg = Release|x86
		{5D822FE1-5A27-4446-BC23-10A7BE125EE6}.Release|x86.Build.0 = Release|x86
	EndGlobalSection
	GlobalSection(SolutionProperties) = preSolution
		HideSolutionNode = FALSE
	EndGlobalSection
	GlobalSection(ExtensibilityGlobals) = postSolution
		SolutionGuid = {A2E7703E-DF41-4165-B138-91F25B37D983}
	EndGlobalSection
EndGlobal
